// !$*UTF8*$!
{
	archiveVersion = 1;
	classes = {
	};
	objectVersion = 56;
	objects = {

/* Begin PBXBuildFile section */
		E607A87A2B75100400E97467 /* Castle_Model.swift in Sources */ = {isa = PBXBuildFile; fileRef = E607A8792B75100400E97467 /* Castle_Model.swift */; };
		E607A87D2B75116A00E97467 /* Locations.json in Resources */ = {isa = PBXBuildFile; fileRef = E607A87C2B75116A00E97467 /* Locations.json */; };
		E607A8812B751C5900E97467 /* Castles_Controller.swift in Sources */ = {isa = PBXBuildFile; fileRef = E607A8802B751C5900E97467 /* Castles_Controller.swift */; };
		E607A8832B751D0D00E97467 /* Castles_ViewModel.swift in Sources */ = {isa = PBXBuildFile; fileRef = E607A8822B751D0D00E97467 /* Castles_ViewModel.swift */; };
		E66566FC2B7507A600157E04 /* ChateauxLoireApp.swift in Sources */ = {isa = PBXBuildFile; fileRef = E66566FB2B7507A600157E04 /* ChateauxLoireApp.swift */; };
		E66566FE2B7507A600157E04 /* MapView.swift in Sources */ = {isa = PBXBuildFile; fileRef = E66566FD2B7507A600157E04 /* MapView.swift */; };
		E66567002B7507A700157E04 /* Assets.xcassets in Resources */ = {isa = PBXBuildFile; fileRef = E66566FF2B7507A700157E04 /* Assets.xcassets */; };
		E66567032B7507A700157E04 /* Preview Assets.xcassets in Resources */ = {isa = PBXBuildFile; fileRef = E66567022B7507A700157E04 /* Preview Assets.xcassets */; };
		E665670C2B75093800157E04 /* DataConnector.swift in Sources */ = {isa = PBXBuildFile; fileRef = E665670B2B75093800157E04 /* DataConnector.swift */; };
/* End PBXBuildFile section */

/* Begin PBXFileReference section */
		E607A8792B75100400E97467 /* Castle_Model.swift */ = {isa = PBXFileReference; lastKnownFileType = sourcecode.swift; path = Castle_Model.swift; sourceTree = "<group>"; };
		E607A87C2B75116A00E97467 /* Locations.json */ = {isa = PBXFileReference; lastKnownFileType = text.json; path = Locations.json; sourceTree = "<group>"; };
		E607A8802B751C5900E97467 /* Castles_Controller.swift */ = {isa = PBXFileReference; lastKnownFileType = sourcecode.swift; path = Castles_Controller.swift; sourceTree = "<group>"; };
		E607A8822B751D0D00E97467 /* Castles_ViewModel.swift */ = {isa = PBXFileReference; lastKnownFileType = sourcecode.swift; path = Castles_ViewModel.swift; sourceTree = "<group>"; };
		E66566F82B7507A600157E04 /* ChateauxLoire.app */ = {isa = PBXFileReference; explicitFileType = wrapper.application; includeInIndex = 0; path = ChateauxLoire.app; sourceTree = BUILT_PRODUCTS_DIR; };
		E66566FB2B7507A600157E04 /* ChateauxLoireApp.swift */ = {isa = PBXFileReference; lastKnownFileType = sourcecode.swift; path = ChateauxLoireApp.swift; sourceTree = "<group>"; };
		E66566FD2B7507A600157E04 /* MapView.swift */ = {isa = PBXFileReference; lastKnownFileType = sourcecode.swift; path = MapView.swift; sourceTree = "<group>"; };
		E66566FF2B7507A700157E04 /* Assets.xcassets */ = {isa = PBXFileReference; lastKnownFileType = folder.assetcatalog; path = Assets.xcassets; sourceTree = "<group>"; };
		E66567022B7507A700157E04 /* Preview Assets.xcassets */ = {isa = PBXFileReference; lastKnownFileType = folder.assetcatalog; path = "Preview Assets.xcassets"; sourceTree = "<group>"; };
		E665670B2B75093800157E04 /* DataConnector.swift */ = {isa = PBXFileReference; lastKnownFileType = sourcecode.swift; path = DataConnector.swift; sourceTree = "<group>"; };
/* End PBXFileReference section */

/* Begin PBXFrameworksBuildPhase section */
		E66566F52B7507A600157E04 /* Frameworks */ = {
			isa = PBXFrameworksBuildPhase;
			buildActionMask = 2147483647;
			files = (
			);
			runOnlyForDeploymentPostprocessing = 0;
		};
/* End PBXFrameworksBuildPhase section */

/* Begin PBXGroup section */
		E607A8772B750FB100E97467 /* Models */ = {
			isa = PBXGroup;
			children = (
				E607A8792B75100400E97467 /* Castle_Model.swift */,
			);
			path = Models;
			sourceTree = "<group>";
		};
		E607A8782B750FBC00E97467 /* Views */ = {
			isa = PBXGroup;
			children = (
				E66566FD2B7507A600157E04 /* MapView.swift */,
			);
			path = Views;
			sourceTree = "<group>";
		};
		E607A87E2B751C1800E97467 /* ViewModels */ = {
			isa = PBXGroup;
			children = (
				E607A8822B751D0D00E97467 /* Castles_ViewModel.swift */,
			);
			path = ViewModels;
			sourceTree = "<group>";
		};
		E607A87F2B751C2E00E97467 /* Controllers */ = {
			isa = PBXGroup;
			children = (
				E607A8802B751C5900E97467 /* Castles_Controller.swift */,
			);
			path = Controllers;
			sourceTree = "<group>";
		};
		E66566EF2B7507A600157E04 = {
			isa = PBXGroup;
			children = (
				E66566FA2B7507A600157E04 /* ChateauxLoire */,
				E66566F92B7507A600157E04 /* Products */,
			);
			sourceTree = "<group>";
		};
		E66566F92B7507A600157E04 /* Products */ = {
			isa = PBXGroup;
			children = (
				E66566F82B7507A600157E04 /* ChateauxLoire.app */,
			);
			name = Products;
			sourceTree = "<group>";
		};
		E66566FA2B7507A600157E04 /* ChateauxLoire */ = {
			isa = PBXGroup;
			children = (
				E66567092B75081600157E04 /* External Interfaces */,
				E665670A2B75082C00157E04 /* Presentation */,
				E66566FB2B7507A600157E04 /* ChateauxLoireApp.swift */,
				E66566FF2B7507A700157E04 /* Assets.xcassets */,
				E66567012B7507A700157E04 /* Preview Content */,
			);
			path = ChateauxLoire;
			sourceTree = "<group>";
		};
		E66567012B7507A700157E04 /* Preview Content */ = {
			isa = PBXGroup;
			children = (
				E66567022B7507A700157E04 /* Preview Assets.xcassets */,
			);
			path = "Preview Content";
			sourceTree = "<group>";
		};
		E66567092B75081600157E04 /* External Interfaces */ = {
			isa = PBXGroup;
			children = (
				E665670B2B75093800157E04 /* DataConnector.swift */,
				E607A87C2B75116A00E97467 /* Locations.json */,
			);
			path = "External Interfaces";
			sourceTree = "<group>";
		};
		E665670A2B75082C00157E04 /* Presentation */ = {
			isa = PBXGroup;
			children = (
				E607A87F2B751C2E00E97467 /* Controllers */,
				E607A8772B750FB100E97467 /* Models */,
				E607A87E2B751C1800E97467 /* ViewModels */,
				E607A8782B750FBC00E97467 /* Views */,
			);
			path = Presentation;
			sourceTree = "<group>";
		};
/* End PBXGroup section */

/* Begin PBXNativeTarget section */
		E66566F72B7507A600157E04 /* ChateauxLoire */ = {
			isa = PBXNativeTarget;
			buildConfigurationList = E66567062B7507A700157E04 /* Build configuration list for PBXNativeTarget "ChateauxLoire" */;
			buildPhases = (
				E66566F42B7507A600157E04 /* Sources */,
				E66566F52B7507A600157E04 /* Frameworks */,
				E66566F62B7507A600157E04 /* Resources */,
			);
			buildRules = (
			);
			dependencies = (
			);
			name = ChateauxLoire;
			packageProductDependencies = (
			);
			productName = ChateauxLoire;
			productReference = E66566F82B7507A600157E04 /* ChateauxLoire.app */;
			productType = "com.apple.product-type.application";
		};
/* End PBXNativeTarget section */

/* Begin PBXProject section */
		E66566F02B7507A600157E04 /* Project object */ = {
			isa = PBXProject;
			attributes = {
				BuildIndependentTargetsInParallel = 1;
				LastSwiftUpdateCheck = 1520;
				LastUpgradeCheck = 1520;
				TargetAttributes = {
					E66566F72B7507A600157E04 = {
						CreatedOnToolsVersion = 15.2;
					};
				};
			};
			buildConfigurationList = E66566F32B7507A600157E04 /* Build configuration list for PBXProject "ChateauxLoire" */;
			compatibilityVersion = "Xcode 14.0";
			developmentRegion = en;
			hasScannedForEncodings = 0;
			knownRegions = (
				en,
				Base,
			);
			mainGroup = E66566EF2B7507A600157E04;
			packageReferences = (
			);
			productRefGroup = E66566F92B7507A600157E04 /* Products */;
			projectDirPath = "";
			projectRoot = "";
			targets = (
				E66566F72B7507A600157E04 /* ChateauxLoire */,
			);
		};
/* End PBXProject section */

/* Begin PBXResourcesBuildPhase section */
		E66566F62B7507A600157E04 /* Resources */ = {
			isa = PBXResourcesBuildPhase;
			buildActionMask = 2147483647;
			files = (
				E66567032B7507A700157E04 /* Preview Assets.xcassets in Resources */,
				E66567002B7507A700157E04 /* Assets.xcassets in Resources */,
				E607A87D2B75116A00E97467 /* Locations.json in Resources */,
			);
			runOnlyForDeploymentPostprocessing = 0;
		};
/* End PBXResourcesBuildPhase section */

/* Begin PBXSourcesBuildPhase section */
		E66566F42B7507A600157E04 /* Sources */ = {
			isa = PBXSourcesBuildPhase;
			buildActionMask = 2147483647;
			files = (
				E66566FE2B7507A600157E04 /* MapView.swift in Sources */,
				E607A87A2B75100400E97467 /* Castle_Model.swift in Sources */,
				E607A8832B751D0D00E97467 /* Castles_ViewModel.swift in Sources */,
				E665670C2B75093800157E04 /* DataConnector.swift in Sources */,
				E66566FC2B7507A600157E04 /* ChateauxLoireApp.swift in Sources */,
				E607A8812B751C5900E97467 /* Castles_Controller.swift in Sources */,
			);
			runOnlyForDeploymentPostprocessing = 0;
		};
/* End PBXSourcesBuildPhase section */

/* Begin XCBuildConfiguration section */
		E66567042B7507A700157E04 /* Debug */ = {
			isa = XCBuildConfiguration;
			buildSettings = {
				ALWAYS_SEARCH_USER_PATHS = NO;
				ASSETCATALOG_COMPILER_GENERATE_SWIFT_ASSET_SYMBOL_EXTENSIONS = YES;
				CLANG_ANALYZER_NONNULL = YES;
				CLANG_ANALYZER_NUMBER_OBJECT_CONVERSION = YES_AGGRESSIVE;
				CLANG_CXX_LANGUAGE_STANDARD = "gnu++20";
				CLANG_ENABLE_MODULES = YES;
				CLANG_ENABLE_OBJC_ARC = YES;
				CLANG_ENABLE_OBJC_WEAK = YES;
				CLANG_WARN_BLOCK_CAPTURE_AUTORELEASING = YES;
				CLANG_WARN_BOOL_CONVERSION = YES;
				CLANG_WARN_COMMA = YES;
				CLANG_WARN_CONSTANT_CONVERSION = YES;
				CLANG_WARN_DEPRECATED_OBJC_IMPLEMENTATIONS = YES;
				CLANG_WARN_DIRECT_OBJC_ISA_USAGE = YES_ERROR;
				CLANG_WARN_DOCUMENTATION_COMMENTS = YES;
				CLANG_WARN_EMPTY_BODY = YES;
				CLANG_WARN_ENUM_CONVERSION = YES;
				CLANG_WARN_INFINITE_RECURSION = YES;
				CLANG_WARN_INT_CONVERSION = YES;
				CLANG_WARN_NON_LITERAL_NULL_CONVERSION = YES;
				CLANG_WARN_OBJC_IMPLICIT_RETAIN_SELF = YES;
				CLANG_WARN_OBJC_LITERAL_CONVERSION = YES;
				CLANG_WARN_OBJC_ROOT_CLASS = YES_ERROR;
				CLANG_WARN_QUOTED_INCLUDE_IN_FRAMEWORK_HEADER = YES;
				CLANG_WARN_RANGE_LOOP_ANALYSIS = YES;
				CLANG_WARN_STRICT_PROTOTYPES = YES;
				CLANG_WARN_SUSPICIOUS_MOVE = YES;
				CLANG_WARN_UNGUARDED_AVAILABILITY = YES_AGGRESSIVE;
				CLANG_WARN_UNREACHABLE_CODE = YES;
				CLANG_WARN__DUPLICATE_METHOD_MATCH = YES;
				COPY_PHASE_STRIP = NO;
				DEBUG_INFORMATION_FORMAT = dwarf;
				ENABLE_STRICT_OBJC_MSGSEND = YES;
				ENABLE_TESTABILITY = YES;
				ENABLE_USER_SCRIPT_SANDBOXING = YES;
				GCC_C_LANGUAGE_STANDARD = gnu17;
				GCC_DYNAMIC_NO_PIC = NO;
				GCC_NO_COMMON_BLOCKS = YES;
				GCC_OPTIMIZATION_LEVEL = 0;
				GCC_PREPROCESSOR_DEFINITIONS = (
					"DEBUG=1",
					"$(inherited)",
				);
				GCC_WARN_64_TO_32_BIT_CONVERSION = YES;
				GCC_WARN_ABOUT_RETURN_TYPE = YES_ERROR;
				GCC_WARN_UNDECLARED_SELECTOR = YES;
				GCC_WARN_UNINITIALIZED_AUTOS = YES_AGGRESSIVE;
				GCC_WARN_UNUSED_FUNCTION = YES;
				GCC_WARN_UNUSED_VARIABLE = YES;
				IPHONEOS_DEPLOYMENT_TARGET = 17.2;
				LOCALIZATION_PREFERS_STRING_CATALOGS = YES;
				MTL_ENABLE_DEBUG_INFO = INCLUDE_SOURCE;
				MTL_FAST_MATH = YES;
				ONLY_ACTIVE_ARCH = YES;
				SDKROOT = iphoneos;
				SWIFT_ACTIVE_COMPILATION_CONDITIONS = "DEBUG $(inherited)";
				SWIFT_OPTIMIZATION_LEVEL = "-Onone";
			};
			name = Debug;
		};
		E66567052B7507A700157E04 /* Release */ = {
			isa = XCBuildConfiguration;
			buildSettings = {
				ALWAYS_SEARCH_USER_PATHS = NO;
				ASSETCATALOG_COMPILER_GENERATE_SWIFT_ASSET_SYMBOL_EXTENSIONS = YES;
				CLANG_ANALYZER_NONNULL = YES;
				CLANG_ANALYZER_NUMBER_OBJECT_CONVERSION = YES_AGGRESSIVE;
				CLANG_CXX_LANGUAGE_STANDARD = "gnu++20";
				CLANG_ENABLE_MODULES = YES;
				CLANG_ENABLE_OBJC_ARC = YES;
				CLANG_ENABLE_OBJC_WEAK = YES;
				CLANG_WARN_BLOCK_CAPTURE_AUTORELEASING = YES;
				CLANG_WARN_BOOL_CONVERSION = YES;
				CLANG_WARN_COMMA = YES;
				CLANG_WARN_CONSTANT_CONVERSION = YES;
				CLANG_WARN_DEPRECATED_OBJC_IMPLEMENTATIONS = YES;
				CLANG_WARN_DIRECT_OBJC_ISA_USAGE = YES_ERROR;
				CLANG_WARN_DOCUMENTATION_COMMENTS = YES;
				CLANG_WARN_EMPTY_BODY = YES;
				CLANG_WARN_ENUM_CONVERSION = YES;
				CLANG_WARN_INFINITE_RECURSION = YES;
				CLANG_WARN_INT_CONVERSION = YES;
				CLANG_WARN_NON_LITERAL_NULL_CONVERSION = YES;
				CLANG_WARN_OBJC_IMPLICIT_RETAIN_SELF = YES;
				CLANG_WARN_OBJC_LITERAL_CONVERSION = YES;
				CLANG_WARN_OBJC_ROOT_CLASS = YES_ERROR;
				CLANG_WARN_QUOTED_INCLUDE_IN_FRAMEWORK_HEADER = YES;
				CLANG_WARN_RANGE_LOOP_ANALYSIS = YES;
				CLANG_WARN_STRICT_PROTOTYPES = YES;
				CLANG_WARN_SUSPICIOUS_MOVE = YES;
				CLANG_WARN_UNGUARDED_AVAILABILITY = YES_AGGRESSIVE;
				CLANG_WARN_UNREACHABLE_CODE = YES;
				CLANG_WARN__DUPLICATE_METHOD_MATCH = YES;
				COPY_PHASE_STRIP = NO;
				DEBUG_INFORMATION_FORMAT = "dwarf-with-dsym";
				ENABLE_NS_ASSERTIONS = NO;
				ENABLE_STRICT_OBJC_MSGSEND = YES;
				ENABLE_USER_SCRIPT_SANDBOXING = YES;
				GCC_C_LANGUAGE_STANDARD = gnu17;
				GCC_NO_COMMON_BLOCKS = YES;
				GCC_WARN_64_TO_32_BIT_CONVERSION = YES;
				GCC_WARN_ABOUT_RETURN_TYPE = YES_ERROR;
				GCC_WARN_UNDECLARED_SELECTOR = YES;
				GCC_WARN_UNINITIALIZED_AUTOS = YES_AGGRESSIVE;
				GCC_WARN_UNUSED_FUNCTION = YES;
				GCC_WARN_UNUSED_VARIABLE = YES;
				IPHONEOS_DEPLOYMENT_TARGET = 17.2;
				LOCALIZATION_PREFERS_STRING_CATALOGS = YES;
				MTL_ENABLE_DEBUG_INFO = NO;
				MTL_FAST_MATH = YES;
				SDKROOT = iphoneos;
				SWIFT_COMPILATION_MODE = wholemodule;
				VALIDATE_PRODUCT = YES;
			};
			name = Release;
		};
		E66567072B7507A700157E04 /* Debug */ = {
			isa = XCBuildConfiguration;
			buildSettings = {
				ASSETCATALOG_COMPILER_APPICON_NAME = AppIcon;
				ASSETCATALOG_COMPILER_GLOBAL_ACCENT_COLOR_NAME = AccentColor;
				CODE_SIGN_STYLE = Automatic;
				CURRENT_PROJECT_VERSION = 1;
				DEVELOPMENT_ASSET_PATHS = "\"ChateauxLoire/Preview Content\"";
				DEVELOPMENT_TEAM = ZYPVSX598R;
				ENABLE_PREVIEWS = YES;
				GENERATE_INFOPLIST_FILE = YES;
				INFOPLIST_KEY_UIApplicationSceneManifest_Generation = YES;
				INFOPLIST_KEY_UIApplicationSupportsIndirectInputEvents = YES;
				INFOPLIST_KEY_UILaunchScreen_Generation = YES;
				INFOPLIST_KEY_UISupportedInterfaceOrientations_iPad = "UIInterfaceOrientationPortrait UIInterfaceOrientationPortraitUpsideDown UIInterfaceOrientationLandscapeLeft UIInterfaceOrientationLandscapeRight";
				INFOPLIST_KEY_UISupportedInterfaceOrientations_iPhone = "UIInterfaceOrientationPortrait UIInterfaceOrientationLandscapeLeft UIInterfaceOrientationLandscapeRight";
				IPHONEOS_DEPLOYMENT_TARGET = 17.0;
				LD_RUNPATH_SEARCH_PATHS = (
					"$(inherited)",
					"@executable_path/Frameworks",
				);
				MARKETING_VERSION = 1.0;
				PRODUCT_BUNDLE_IDENTIFIER = fr.consulting.myjobly.ChateauxLoire;
				PRODUCT_NAME = "$(TARGET_NAME)";
				SWIFT_EMIT_LOC_STRINGS = YES;
				SWIFT_VERSION = 5.0;
				TARGETED_DEVICE_FAMILY = "1,2";
			};
			name = Debug;
		};
		E66567082B7507A700157E04 /* Release */ = {
			isa = XCBuildConfiguration;
			buildSettings = {
				ASSETCATALOG_COMPILER_APPICON_NAME = AppIcon;
				ASSETCATALOG_COMPILER_GLOBAL_ACCENT_COLOR_NAME = AccentColor;
				CODE_SIGN_STYLE = Automatic;
				CURRENT_PROJECT_VERSION = 1;
				DEVELOPMENT_ASSET_PATHS = "\"ChateauxLoire/Preview Content\"";
				DEVELOPMENT_TEAM = ZYPVSX598R;
				ENABLE_PREVIEWS = YES;
				GENERATE_INFOPLIST_FILE = YES;
				INFOPLIST_KEY_UIApplicationSceneManifest_Generation = YES;
				INFOPLIST_KEY_UIApplicationSupportsIndirectInputEvents = YES;
				INFOPLIST_KEY_UILaunchScreen_Generation = YES;
				INFOPLIST_KEY_UISupportedInterfaceOrientations_iPad = "UIInterfaceOrientationPortrait UIInterfaceOrientationPortraitUpsideDown UIInterfaceOrientationLandscapeLeft UIInterfaceOrientationLandscapeRight";
				INFOPLIST_KEY_UISupportedInterfaceOrientations_iPhone = "UIInterfaceOrientationPortrait UIInterfaceOrientationLandscapeLeft UIInterfaceOrientationLandscapeRight";
				IPHONEOS_DEPLOYMENT_TARGET = 17.0;
				LD_RUNPATH_SEARCH_PATHS = (
					"$(inherited)",
					"@executable_path/Frameworks",
				);
				MARKETING_VERSION = 1.0;
				PRODUCT_BUNDLE_IDENTIFIER = fr.consulting.myjobly.ChateauxLoire;
				PRODUCT_NAME = "$(TARGET_NAME)";
				SWIFT_EMIT_LOC_STRINGS = YES;
				SWIFT_VERSION = 5.0;
				TARGETED_DEVICE_FAMILY = "1,2";
			};
			name = Release;
		};
/* End XCBuildConfiguration section */

/* Begin XCConfigurationList section */
		E66566F32B7507A600157E04 /* Build configuration list for PBXProject "ChateauxLoire" */ = {
			isa = XCConfigurationList;
			buildConfigurations = (
				E66567042B7507A700157E04 /* Debug */,
				E66567052B7507A700157E04 /* Release */,
			);
			defaultConfigurationIsVisible = 0;
			defaultConfigurationName = Release;
		};
		E66567062B7507A700157E04 /* Build configuration list for PBXNativeTarget "ChateauxLoire" */ = {
			isa = XCConfigurationList;
			buildConfigurations = (
				E66567072B7507A700157E04 /* Debug */,
				E66567082B7507A700157E04 /* Release */,
			);
			defaultConfigurationIsVisible = 0;
			defaultConfigurationName = Release;
		};
/* End XCConfigurationList section */
	};
	rootObject = E66566F02B7507A600157E04 /* Project object */;
}
